
Microsoft Visual Studio Solution File, Format Version 12.00
# Visual Studio Version 17
VisualStudioVersion = 17.14.36908.2
MinimumVisualStudioVersion = 10.0.40219.1
Project("{FAE04EC0-301F-11D3-BF4B-00C04F79EFBC}") = "Task-In-Cloud.Domain", "Task-In-Cloud.Domain\Task-In-Cloud.Domain.csproj", "{D3CB3551-7D14-4591-852F-5E096F84B155}"
EndProject
Project("{FAE04EC0-301F-11D3-BF4B-00C04F79EFBC}") = "Task-in-Cloud.Infrastructure", "Task-in-Cloud.Infrastructure\Task-in-Cloud.Infrastructure.csproj", "{C3717E1D-E0A3-4440-BE83-2DE4CBA79CF5}"
EndProject
Project("{FAE04EC0-301F-11D3-BF4B-00C04F79EFBC}") = "Task-in-Cloud.API", "Task-in-Cloud.API\Task-in-Cloud.API.csproj", "{A33B3DA0-AF13-4465-8022-A3FB1291F1FE}"
EndProject
Project("{FAE04EC0-301F-11D3-BF4B-00C04F79EFBC}") = "Task-in-Cloud.Application", "Task-in-Cloud.Application\Task-in-Cloud.Application.csproj", "{C62EB290-819A-E352-CD66-99604460F755}"
EndProject
Global
	GlobalSection(SolutionConfigurationPlatforms) = preSolution
		Debug|Any CPU = Debug|Any CPU
		Release|Any CPU = Release|Any CPU
	EndGlobalSection
	GlobalSection(ProjectConfigurationPlatforms) = postSolution
		{D3CB3551-7D14-4591-852F-5E096F84B155}.Debug|Any CPU.ActiveCfg = Debug|Any CPU
		{D3CB3551-7D14-4591-852F-5E096F84B155}.Debug|Any CPU.Build.0 = Debug|Any CPU
		{D3CB3551-7D14-4591-852F-5E096F84B155}.Release|Any CPU.ActiveCfg = Release|Any CPU
		{D3CB3551-7D14-4591-852F-5E096F84B155}.Release|Any CPU.Build.0 = Release|Any CPU
		{C3717E1D-E0A3-4440-BE83-2DE4CBA79CF5}.Debug|Any CPU.ActiveCfg = Debug|Any CPU
		{C3717E1D-E0A3-4440-BE83-2DE4CBA79CF5}.Debug|Any CPU.Build.0 = Debug|Any CPU
		{C3717E1D-E0A3-4440-BE83-2DE4CBA79CF5}.Release|Any CPU.ActiveCfg = Release|Any CPU
		{C3717E1D-E0A3-4440-BE83-2DE4CBA79CF5}.Release|Any CPU.Build.0 = Release|Any CPU
		{A33B3DA0-AF13-4465-8022-A3FB1291F1FE}.Debug|Any CPU.ActiveCfg = Debug|Any CPU
		{A33B3DA0-AF13-4465-8022-A3FB1291F1FE}.Debug|Any CPU.Build.0 = Debug|Any CPU
		{A33B3DA0-AF13-4465-8022-A3FB1291F1FE}.Release|Any CPU.ActiveCfg = Release|Any CPU
		{A33B3DA0-AF13-4465-8022-A3FB1291F1FE}.Release|Any CPU.Build.0 = Release|Any CPU
		{C62EB290-819A-E352-CD66-99604460F755}.Debug|Any CPU.ActiveCfg = Debug|Any CPU
		{C62EB290-819A-E352-CD66-99604460F755}.Debug|Any CPU.Build.0 = Debug|Any CPU
		{C62EB290-819A-E352-CD66-99604460F755}.Release|Any CPU.ActiveCfg = Release|Any CPU
		{C62EB290-819A-E352-CD66-99604460F755}.Release|Any CPU.Build.0 = Release|Any CPU
	EndGlobalSection
	GlobalSection(SolutionProperties) = preSolution
		HideSolutionNode = FALSE
	EndGlobalSection
	GlobalSection(ExtensibilityGlobals) = postSolution
		SolutionGuid = {B4D5F638-48DB-4581-BD40-09055E5ECFE4}
	EndGlobalSection
EndGlobal
